# This file is automatically @generated by Poetry 1.6.1 and should not be changed by hand.

[[package]]
name = "mintotp"
version = "0.3.0"
description = "MinTOTP - Minimal TOTP Generator"
optional = false
python-versions = "*"
files = [
    {file = "mintotp-0.3.0-py3-none-any.whl", hash = "sha256:eadee8531d9ee95eda92fd17949137454acd1d2a001dcf68f99bb8de56f06468"},
    {file = "mintotp-0.3.0.tar.gz", hash = "sha256:d0f4db5edb38a7481120176a526e8c29539b9e80581dd2dcc1811557d77cfad5"},
]

[[package]]
name = "xdg-base-dirs"
version = "6.0.1"
description = "Variables defined by the XDG Base Directory Specification"
optional = false
python-versions = ">=3.10,<4.0"
files = [
    {file = "xdg_base_dirs-6.0.1-py3-none-any.whl", hash = "sha256:63f6ebc1721ced2e86c340856e004ef829501a30a37e17079c52cfaf0e1741b9"},
    {file = "xdg_base_dirs-6.0.1.tar.gz", hash = "sha256:b4c8f4ba72d1286018b25eea374ec6fbf4fddda3d4137edf50de95de53e195a6"},
]

[metadata]
lock-version = "2.0"
python-versions = "^3.10"
content-hash = "032a0716abdf2ce3922ac8d7bb0a1de549cec72a79c9554258c43e763bab57c1"
